// !$*UTF8*$!
{
	archiveVersion = 1;
	classes = {
	};
	objectVersion = 50;
	objects = {

/* Begin PBXBuildFile section */
		28775000255D97E7003C1C25 /* HeadwayApp.swift in Sources */ = {isa = PBXBuildFile; fileRef = 28774FFF255D97E7003C1C25 /* HeadwayApp.swift */; };
		28775004255D97EA003C1C25 /* Assets.xcassets in Resources */ = {isa = PBXBuildFile; fileRef = 28775003255D97EA003C1C25 /* Assets.xcassets */; };
		28775007255D97EA003C1C25 /* Preview Assets.xcassets in Resources */ = {isa = PBXBuildFile; fileRef = 28775006255D97EA003C1C25 /* Preview Assets.xcassets */; };
		28775012255D97EA003C1C25 /* HeadwayTests.swift in Sources */ = {isa = PBXBuildFile; fileRef = 28775011255D97EA003C1C25 /* HeadwayTests.swift */; };
		2877501D255D97EA003C1C25 /* HeadwayUITests.swift in Sources */ = {isa = PBXBuildFile; fileRef = 2877501C255D97EA003C1C25 /* HeadwayUITests.swift */; };
		28775035255D9882003C1C25 /* Persistence.swift in Sources */ = {isa = PBXBuildFile; fileRef = 28775034255D9882003C1C25 /* Persistence.swift */; };
		2877503F255D9964003C1C25 /* ContentView.swift in Sources */ = {isa = PBXBuildFile; fileRef = 2877503E255D9964003C1C25 /* ContentView.swift */; };
		28775044255D996C003C1C25 /* HealthView.swift in Sources */ = {isa = PBXBuildFile; fileRef = 28775043255D996C003C1C25 /* HealthView.swift */; };
		28775049255D9971003C1C25 /* JournalView.swift in Sources */ = {isa = PBXBuildFile; fileRef = 28775048255D9971003C1C25 /* JournalView.swift */; };
		28775051255D9973003C1C25 /* ProfileView.swift in Sources */ = {isa = PBXBuildFile; fileRef = 2877504D255D9973003C1C25 /* ProfileView.swift */; };
		28775056255D9975003C1C25 /* TodayView.swift in Sources */ = {isa = PBXBuildFile; fileRef = 28775055255D9975003C1C25 /* TodayView.swift */; };
/* End PBXBuildFile section */

/* Begin PBXContainerItemProxy section */
		2877500E255D97EA003C1C25 /* PBXContainerItemProxy */ = {
			isa = PBXContainerItemProxy;
			containerPortal = 28774FF4255D97E7003C1C25 /* Project object */;
			proxyType = 1;
			remoteGlobalIDString = 28774FFB255D97E7003C1C25;
			remoteInfo = Headway;
		};
		28775019255D97EA003C1C25 /* PBXContainerItemProxy */ = {
			isa = PBXContainerItemProxy;
			containerPortal = 28774FF4255D97E7003C1C25 /* Project object */;
			proxyType = 1;
			remoteGlobalIDString = 28774FFB255D97E7003C1C25;
			remoteInfo = Headway;
		};
/* End PBXContainerItemProxy section */

/* Begin PBXFileReference section */
		28774FFC255D97E7003C1C25 /* Headway.app */ = {isa = PBXFileReference; explicitFileType = wrapper.application; includeInIndex = 0; path = Headway.app; sourceTree = BUILT_PRODUCTS_DIR; };
		28774FFF255D97E7003C1C25 /* HeadwayApp.swift */ = {isa = PBXFileReference; lastKnownFileType = sourcecode.swift; path = HeadwayApp.swift; sourceTree = "<group>"; };
		28775003255D97EA003C1C25 /* Assets.xcassets */ = {isa = PBXFileReference; lastKnownFileType = folder.assetcatalog; path = Assets.xcassets; sourceTree = "<group>"; };
		28775006255D97EA003C1C25 /* Preview Assets.xcassets */ = {isa = PBXFileReference; lastKnownFileType = folder.assetcatalog; path = "Preview Assets.xcassets"; sourceTree = "<group>"; };
		28775008255D97EA003C1C25 /* Info.plist */ = {isa = PBXFileReference; lastKnownFileType = text.plist.xml; path = Info.plist; sourceTree = "<group>"; };
		2877500D255D97EA003C1C25 /* HeadwayTests.xctest */ = {isa = PBXFileReference; explicitFileType = wrapper.cfbundle; includeInIndex = 0; path = HeadwayTests.xctest; sourceTree = BUILT_PRODUCTS_DIR; };
		28775011255D97EA003C1C25 /* HeadwayTests.swift */ = {isa = PBXFileReference; lastKnownFileType = sourcecode.swift; path = HeadwayTests.swift; sourceTree = "<group>"; };
		28775013255D97EA003C1C25 /* Info.plist */ = {isa = PBXFileReference; lastKnownFileType = text.plist.xml; path = Info.plist; sourceTree = "<group>"; };
		28775018255D97EA003C1C25 /* HeadwayUITests.xctest */ = {isa = PBXFileReference; explicitFileType = wrapper.cfbundle; includeInIndex = 0; path = HeadwayUITests.xctest; sourceTree = BUILT_PRODUCTS_DIR; };
		2877501C255D97EA003C1C25 /* HeadwayUITests.swift */ = {isa = PBXFileReference; lastKnownFileType = sourcecode.swift; path = HeadwayUITests.swift; sourceTree = "<group>"; };
		2877501E255D97EB003C1C25 /* Info.plist */ = {isa = PBXFileReference; lastKnownFileType = text.plist.xml; path = Info.plist; sourceTree = "<group>"; };
		28775033255D986F003C1C25 /* HeadwayDataModel.xcdatamodel */ = {isa = PBXFileReference; lastKnownFileType = wrapper.xcdatamodel; path = HeadwayDataModel.xcdatamodel; sourceTree = "<group>"; };
		28775034255D9882003C1C25 /* Persistence.swift */ = {isa = PBXFileReference; lastKnownFileType = sourcecode.swift; path = Persistence.swift; sourceTree = "<group>"; };
		2877503E255D9964003C1C25 /* ContentView.swift */ = {isa = PBXFileReference; lastKnownFileType = sourcecode.swift; path = ContentView.swift; sourceTree = "<group>"; };
		28775043255D996C003C1C25 /* HealthView.swift */ = {isa = PBXFileReference; lastKnownFileType = sourcecode.swift; path = HealthView.swift; sourceTree = "<group>"; };
		28775048255D9971003C1C25 /* JournalView.swift */ = {isa = PBXFileReference; lastKnownFileType = sourcecode.swift; path = JournalView.swift; sourceTree = "<group>"; };
		2877504D255D9973003C1C25 /* ProfileView.swift */ = {isa = PBXFileReference; lastKnownFileType = sourcecode.swift; path = ProfileView.swift; sourceTree = "<group>"; };
		28775055255D9975003C1C25 /* TodayView.swift */ = {isa = PBXFileReference; lastKnownFileType = sourcecode.swift; path = TodayView.swift; sourceTree = "<group>"; };
/* End PBXFileReference section */

/* Begin PBXFrameworksBuildPhase section */
		28774FF9255D97E7003C1C25 /* Frameworks */ = {
			isa = PBXFrameworksBuildPhase;
			buildActionMask = 2147483647;
			files = (
			);
			runOnlyForDeploymentPostprocessing = 0;
		};
		2877500A255D97EA003C1C25 /* Frameworks */ = {
			isa = PBXFrameworksBuildPhase;
			buildActionMask = 2147483647;
			files = (
			);
			runOnlyForDeploymentPostprocessing = 0;
		};
		28775015255D97EA003C1C25 /* Frameworks */ = {
			isa = PBXFrameworksBuildPhase;
			buildActionMask = 2147483647;
			files = (
			);
			runOnlyForDeploymentPostprocessing = 0;
		};
/* End PBXFrameworksBuildPhase section */

/* Begin PBXGroup section */
		28774FF3255D97E7003C1C25 = {
			isa = PBXGroup;
			children = (
				28774FFE255D97E7003C1C25 /* Headway */,
				28775010255D97EA003C1C25 /* HeadwayTests */,
				2877501B255D97EA003C1C25 /* HeadwayUITests */,
				28774FFD255D97E7003C1C25 /* Products */,
			);
			sourceTree = "<group>";
		};
		28774FFD255D97E7003C1C25 /* Products */ = {
			isa = PBXGroup;
			children = (
				28774FFC255D97E7003C1C25 /* Headway.app */,
				2877500D255D97EA003C1C25 /* HeadwayTests.xctest */,
				28775018255D97EA003C1C25 /* HeadwayUITests.xctest */,
			);
			name = Products;
			sourceTree = "<group>";
		};
		28774FFE255D97E7003C1C25 /* Headway */ = {
			isa = PBXGroup;
			children = (
				28774FFF255D97E7003C1C25 /* HeadwayApp.swift */,
				28775032255D986F003C1C25 /* Headway.xcdatamodeld */,
				2877503E255D9964003C1C25 /* ContentView.swift */,
				28775043255D996C003C1C25 /* HealthView.swift */,
				28775048255D9971003C1C25 /* JournalView.swift */,
				2877504D255D9973003C1C25 /* ProfileView.swift */,
				28775055255D9975003C1C25 /* TodayView.swift */,
				28775034255D9882003C1C25 /* Persistence.swift */,
				28775003255D97EA003C1C25 /* Assets.xcassets */,
				28775008255D97EA003C1C25 /* Info.plist */,
				28775005255D97EA003C1C25 /* Preview Content */,
			);
			path = Headway;
			sourceTree = "<group>";
		};
		28775005255D97EA003C1C25 /* Preview Content */ = {
			isa = PBXGroup;
			children = (
				28775006255D97EA003C1C25 /* Preview Assets.xcassets */,
			);
			path = "Preview Content";
			sourceTree = "<group>";
		};
		28775010255D97EA003C1C25 /* HeadwayTests */ = {
			isa = PBXGroup;
			children = (
				28775011255D97EA003C1C25 /* HeadwayTests.swift */,
				28775013255D97EA003C1C25 /* Info.plist */,
			);
			path = HeadwayTests;
			sourceTree = "<group>";
		};
		2877501B255D97EA003C1C25 /* HeadwayUITests */ = {
			isa = PBXGroup;
			children = (
				2877501C255D97EA003C1C25 /* HeadwayUITests.swift */,
				2877501E255D97EB003C1C25 /* Info.plist */,
			);
			path = HeadwayUITests;
			sourceTree = "<group>";
		};
/* End PBXGroup section */

/* Begin PBXNativeTarget section */
		28774FFB255D97E7003C1C25 /* Headway */ = {
			isa = PBXNativeTarget;
			buildConfigurationList = 28775021255D97EB003C1C25 /* Build configuration list for PBXNativeTarget "Headway" */;
			buildPhases = (
				28774FF8255D97E7003C1C25 /* Sources */,
				28774FF9255D97E7003C1C25 /* Frameworks */,
				28774FFA255D97E7003C1C25 /* Resources */,
			);
			buildRules = (
			);
			dependencies = (
			);
			name = Headway;
			productName = Headway;
			productReference = 28774FFC255D97E7003C1C25 /* Headway.app */;
			productType = "com.apple.product-type.application";
		};
		2877500C255D97EA003C1C25 /* HeadwayTests */ = {
			isa = PBXNativeTarget;
			buildConfigurationList = 28775024255D97EB003C1C25 /* Build configuration list for PBXNativeTarget "HeadwayTests" */;
			buildPhases = (
				28775009255D97EA003C1C25 /* Sources */,
				2877500A255D97EA003C1C25 /* Frameworks */,
				2877500B255D97EA003C1C25 /* Resources */,
			);
			buildRules = (
			);
			dependencies = (
				2877500F255D97EA003C1C25 /* PBXTargetDependency */,
			);
			name = HeadwayTests;
			productName = HeadwayTests;
			productReference = 2877500D255D97EA003C1C25 /* HeadwayTests.xctest */;
			productType = "com.apple.product-type.bundle.unit-test";
		};
		28775017255D97EA003C1C25 /* HeadwayUITests */ = {
			isa = PBXNativeTarget;
			buildConfigurationList = 28775027255D97EB003C1C25 /* Build configuration list for PBXNativeTarget "HeadwayUITests" */;
			buildPhases = (
				28775014255D97EA003C1C25 /* Sources */,
				28775015255D97EA003C1C25 /* Frameworks */,
				28775016255D97EA003C1C25 /* Resources */,
			);
			buildRules = (
			);
			dependencies = (
				2877501A255D97EA003C1C25 /* PBXTargetDependency */,
			);
			name = HeadwayUITests;
			productName = HeadwayUITests;
			productReference = 28775018255D97EA003C1C25 /* HeadwayUITests.xctest */;
			productType = "com.apple.product-type.bundle.ui-testing";
		};
/* End PBXNativeTarget section */

/* Begin PBXProject section */
		28774FF4255D97E7003C1C25 /* Project object */ = {
			isa = PBXProject;
			attributes = {
				LastSwiftUpdateCheck = 1200;
				LastUpgradeCheck = 1200;
				TargetAttributes = {
					28774FFB255D97E7003C1C25 = {
						CreatedOnToolsVersion = 12.0;
					};
					2877500C255D97EA003C1C25 = {
						CreatedOnToolsVersion = 12.0;
						TestTargetID = 28774FFB255D97E7003C1C25;
					};
					28775017255D97EA003C1C25 = {
						CreatedOnToolsVersion = 12.0;
						TestTargetID = 28774FFB255D97E7003C1C25;
					};
				};
			};
			buildConfigurationList = 28774FF7255D97E7003C1C25 /* Build configuration list for PBXProject "Headway" */;
			compatibilityVersion = "Xcode 9.3";
			developmentRegion = en;
			hasScannedForEncodings = 0;
			knownRegions = (
				en,
				Base,
			);
			mainGroup = 28774FF3255D97E7003C1C25;
			productRefGroup = 28774FFD255D97E7003C1C25 /* Products */;
			projectDirPath = "";
			projectRoot = "";
			targets = (
				28774FFB255D97E7003C1C25 /* Headway */,
				2877500C255D97EA003C1C25 /* HeadwayTests */,
				28775017255D97EA003C1C25 /* HeadwayUITests */,
			);
		};
/* End PBXProject section */

/* Begin PBXResourcesBuildPhase section */
		28774FFA255D97E7003C1C25 /* Resources */ = {
			isa = PBXResourcesBuildPhase;
			buildActionMask = 2147483647;
			files = (
				28775007255D97EA003C1C25 /* Preview Assets.xcassets in Resources */,
				28775004255D97EA003C1C25 /* Assets.xcassets in Resources */,
			);
			runOnlyForDeploymentPostprocessing = 0;
		};
		2877500B255D97EA003C1C25 /* Resources */ = {
			isa = PBXResourcesBuildPhase;
			buildActionMask = 2147483647;
			files = (
			);
			runOnlyForDeploymentPostprocessing = 0;
		};
		28775016255D97EA003C1C25 /* Resources */ = {
			isa = PBXResourcesBuildPhase;
			buildActionMask = 2147483647;
			files = (
			);
			runOnlyForDeploymentPostprocessing = 0;
		};
/* End PBXResourcesBuildPhase section */

/* Begin PBXSourcesBuildPhase section */
		28774FF8255D97E7003C1C25 /* Sources */ = {
			isa = PBXSourcesBuildPhase;
			buildActionMask = 2147483647;
			files = (
				28775044255D996C003C1C25 /* HealthView.swift in Sources */,
				28775049255D9971003C1C25 /* JournalView.swift in Sources */,
				28775000255D97E7003C1C25 /* HeadwayApp.swift in Sources */,
				28775056255D9975003C1C25 /* TodayView.swift in Sources */,
				28775035255D9882003C1C25 /* Persistence.swift in Sources */,
				28775051255D9973003C1C25 /* ProfileView.swift in Sources */,
				2877503F255D9964003C1C25 /* ContentView.swift in Sources */,
			);
			runOnlyForDeploymentPostprocessing = 0;
		};
		28775009255D97EA003C1C25 /* Sources */ = {
			isa = PBXSourcesBuildPhase;
			buildActionMask = 2147483647;
			files = (
				28775012255D97EA003C1C25 /* HeadwayTests.swift in Sources */,
			);
			runOnlyForDeploymentPostprocessing = 0;
		};
		28775014255D97EA003C1C25 /* Sources */ = {
			isa = PBXSourcesBuildPhase;
			buildActionMask = 2147483647;
			files = (
				2877501D255D97EA003C1C25 /* HeadwayUITests.swift in Sources */,
			);
			runOnlyForDeploymentPostprocessing = 0;
		};
/* End PBXSourcesBuildPhase section */

/* Begin PBXTargetDependency section */
		2877500F255D97EA003C1C25 /* PBXTargetDependency */ = {
			isa = PBXTargetDependency;
			target = 28774FFB255D97E7003C1C25 /* Headway */;
			targetProxy = 2877500E255D97EA003C1C25 /* PBXContainerItemProxy */;
		};
		2877501A255D97EA003C1C25 /* PBXTargetDependency */ = {
			isa = PBXTargetDependency;
			target = 28774FFB255D97E7003C1C25 /* Headway */;
			targetProxy = 28775019255D97EA003C1C25 /* PBXContainerItemProxy */;
		};
/* End PBXTargetDependency section */

/* Begin XCBuildConfiguration section */
		2877501F255D97EB003C1C25 /* Debug */ = {
			isa = XCBuildConfiguration;
			buildSettings = {
				ALWAYS_SEARCH_USER_PATHS = NO;
				CLANG_ANALYZER_NONNULL = YES;
				CLANG_ANALYZER_NUMBER_OBJECT_CONVERSION = YES_AGGRESSIVE;
				CLANG_CXX_LANGUAGE_STANDARD = "gnu++14";
				CLANG_CXX_LIBRARY = "libc++";
				CLANG_ENABLE_MODULES = YES;
				CLANG_ENABLE_OBJC_ARC = YES;
				CLANG_ENABLE_OBJC_WEAK = YES;
				CLANG_WARN_BLOCK_CAPTURE_AUTORELEASING = YES;
				CLANG_WARN_BOOL_CONVERSION = YES;
				CLANG_WARN_COMMA = YES;
				CLANG_WARN_CONSTANT_CONVERSION = YES;
				CLANG_WARN_DEPRECATED_OBJC_IMPLEMENTATIONS = YES;
				CLANG_WARN_DIRECT_OBJC_ISA_USAGE = YES_ERROR;
				CLANG_WARN_DOCUMENTATION_COMMENTS = YES;
				CLANG_WARN_EMPTY_BODY = YES;
				CLANG_WARN_ENUM_CONVERSION = YES;
				CLANG_WARN_INFINITE_RECURSION = YES;
				CLANG_WARN_INT_CONVERSION = YES;
				CLANG_WARN_NON_LITERAL_NULL_CONVERSION = YES;
				CLANG_WARN_OBJC_IMPLICIT_RETAIN_SELF = YES;
				CLANG_WARN_OBJC_LITERAL_CONVERSION = YES;
				CLANG_WARN_OBJC_ROOT_CLASS = YES_ERROR;
				CLANG_WARN_QUOTED_INCLUDE_IN_FRAMEWORK_HEADER = YES;
				CLANG_WARN_RANGE_LOOP_ANALYSIS = YES;
				CLANG_WARN_STRICT_PROTOTYPES = YES;
				CLANG_WARN_SUSPICIOUS_MOVE = YES;
				CLANG_WARN_UNGUARDED_AVAILABILITY = YES_AGGRESSIVE;
				CLANG_WARN_UNREACHABLE_CODE = YES;
				CLANG_WARN__DUPLICATE_METHOD_MATCH = YES;
				COPY_PHASE_STRIP = NO;
				DEBUG_INFORMATION_FORMAT = dwarf;
				ENABLE_STRICT_OBJC_MSGSEND = YES;
				ENABLE_TESTABILITY = YES;
				GCC_C_LANGUAGE_STANDARD = gnu11;
				GCC_DYNAMIC_NO_PIC = NO;
				GCC_NO_COMMON_BLOCKS = YES;
				GCC_OPTIMIZATION_LEVEL = 0;
				GCC_PREPROCESSOR_DEFINITIONS = (
					"DEBUG=1",
					"$(inherited)",
				);
				GCC_WARN_64_TO_32_BIT_CONVERSION = YES;
				GCC_WARN_ABOUT_RETURN_TYPE = YES_ERROR;
				GCC_WARN_UNDECLARED_SELECTOR = YES;
				GCC_WARN_UNINITIALIZED_AUTOS = YES_AGGRESSIVE;
				GCC_WARN_UNUSED_FUNCTION = YES;
				GCC_WARN_UNUSED_VARIABLE = YES;
				IPHONEOS_DEPLOYMENT_TARGET = 14.0;
				MTL_ENABLE_DEBUG_INFO = INCLUDE_SOURCE;
				MTL_FAST_MATH = YES;
				ONLY_ACTIVE_ARCH = YES;
				SDKROOT = iphoneos;
				SWIFT_ACTIVE_COMPILATION_CONDITIONS = DEBUG;
				SWIFT_OPTIMIZATION_LEVEL = "-Onone";
			};
			name = Debug;
		};
		28775020255D97EB003C1C25 /* Release */ = {
			isa = XCBuildConfiguration;
			buildSettings = {
				ALWAYS_SEARCH_USER_PATHS = NO;
				CLANG_ANALYZER_NONNULL = YES;
				CLANG_ANALYZER_NUMBER_OBJECT_CONVERSION = YES_AGGRESSIVE;
				CLANG_CXX_LANGUAGE_STANDARD = "gnu++14";
				CLANG_CXX_LIBRARY = "libc++";
				CLANG_ENABLE_MODULES = YES;
				CLANG_ENABLE_OBJC_ARC = YES;
				CLANG_ENABLE_OBJC_WEAK = YES;
				CLANG_WARN_BLOCK_CAPTURE_AUTORELEASING = YES;
				CLANG_WARN_BOOL_CONVERSION = YES;
				CLANG_WARN_COMMA = YES;
				CLANG_WARN_CONSTANT_CONVERSION = YES;
				CLANG_WARN_DEPRECATED_OBJC_IMPLEMENTATIONS = YES;
				CLANG_WARN_DIRECT_OBJC_ISA_USAGE = YES_ERROR;
				CLANG_WARN_DOCUMENTATION_COMMENTS = YES;
				CLANG_WARN_EMPTY_BODY = YES;
				CLANG_WARN_ENUM_CONVERSION = YES;
				CLANG_WARN_INFINITE_RECURSION = YES;
				CLANG_WARN_INT_CONVERSION = YES;
				CLANG_WARN_NON_LITERAL_NULL_CONVERSION = YES;
				CLANG_WARN_OBJC_IMPLICIT_RETAIN_SELF = YES;
				CLANG_WARN_OBJC_LITERAL_CONVERSION = YES;
				CLANG_WARN_OBJC_ROOT_CLASS = YES_ERROR;
				CLANG_WARN_QUOTED_INCLUDE_IN_FRAMEWORK_HEADER = YES;
				CLANG_WARN_RANGE_LOOP_ANALYSIS = YES;
				CLANG_WARN_STRICT_PROTOTYPES = YES;
				CLANG_WARN_SUSPICIOUS_MOVE = YES;
				CLANG_WARN_UNGUARDED_AVAILABILITY = YES_AGGRESSIVE;
				CLANG_WARN_UNREACHABLE_CODE = YES;
				CLANG_WARN__DUPLICATE_METHOD_MATCH = YES;
				COPY_PHASE_STRIP = NO;
				DEBUG_INFORMATION_FORMAT = "dwarf-with-dsym";
				ENABLE_NS_ASSERTIONS = NO;
				ENABLE_STRICT_OBJC_MSGSEND = YES;
				GCC_C_LANGUAGE_STANDARD = gnu11;
				GCC_NO_COMMON_BLOCKS = YES;
				GCC_WARN_64_TO_32_BIT_CONVERSION = YES;
				GCC_WARN_ABOUT_RETURN_TYPE = YES_ERROR;
				GCC_WARN_UNDECLARED_SELECTOR = YES;
				GCC_WARN_UNINITIALIZED_AUTOS = YES_AGGRESSIVE;
				GCC_WARN_UNUSED_FUNCTION = YES;
				GCC_WARN_UNUSED_VARIABLE = YES;
				IPHONEOS_DEPLOYMENT_TARGET = 14.0;
				MTL_ENABLE_DEBUG_INFO = NO;
				MTL_FAST_MATH = YES;
				SDKROOT = iphoneos;
				SWIFT_COMPILATION_MODE = wholemodule;
				SWIFT_OPTIMIZATION_LEVEL = "-O";
				VALIDATE_PRODUCT = YES;
			};
			name = Release;
		};
		28775022255D97EB003C1C25 /* Debug */ = {
			isa = XCBuildConfiguration;
			buildSettings = {
				ASSETCATALOG_COMPILER_APPICON_NAME = AppIcon;
				ASSETCATALOG_COMPILER_GLOBAL_ACCENT_COLOR_NAME = AccentColor;
				CODE_SIGN_STYLE = Automatic;
				DEVELOPMENT_ASSET_PATHS = "\"Headway/Preview Content\"";
				DEVELOPMENT_TEAM = A477U5FS98;
				ENABLE_PREVIEWS = YES;
				INFOPLIST_FILE = Headway/Info.plist;
				IPHONEOS_DEPLOYMENT_TARGET = 14.0;
				LD_RUNPATH_SEARCH_PATHS = (
					"$(inherited)",
					"@executable_path/Frameworks",
				);
				PRODUCT_BUNDLE_IDENTIFIER = edu.psu.cse.kac6294.Headway;
				PRODUCT_NAME = "$(TARGET_NAME)";
				SWIFT_VERSION = 5.0;
				TARGETED_DEVICE_FAMILY = "1,2";
			};
			name = Debug;
		};
		28775023255D97EB003C1C25 /* Release */ = {
			isa = XCBuildConfiguration;
			buildSettings = {
				ASSETCATALOG_COMPILER_APPICON_NAME = AppIcon;
				ASSETCATALOG_COMPILER_GLOBAL_ACCENT_COLOR_NAME = AccentColor;
				CODE_SIGN_STYLE = Automatic;
				DEVELOPMENT_ASSET_PATHS = "\"Headway/Preview Content\"";
				DEVELOPMENT_TEAM = A477U5FS98;
				ENABLE_PREVIEWS = YES;
				INFOPLIST_FILE = Headway/Info.plist;
				IPHONEOS_DEPLOYMENT_TARGET = 14.0;
				LD_RUNPATH_SEARCH_PATHS = (
					"$(inherited)",
					"@executable_path/Frameworks",
				);
				PRODUCT_BUNDLE_IDENTIFIER = edu.psu.cse.kac6294.Headway;
				PRODUCT_NAME = "$(TARGET_NAME)";
				SWIFT_VERSION = 5.0;
				TARGETED_DEVICE_FAMILY = "1,2";
			};
			name = Release;
		};
		28775025255D97EB003C1C25 /* Debug */ = {
			isa = XCBuildConfiguration;
			buildSettings = {
				ALWAYS_EMBED_SWIFT_STANDARD_LIBRARIES = YES;
				BUNDLE_LOADER = "$(TEST_HOST)";
				CODE_SIGN_STYLE = Automatic;
				DEVELOPMENT_TEAM = A477U5FS98;
				INFOPLIST_FILE = HeadwayTests/Info.plist;
				IPHONEOS_DEPLOYMENT_TARGET = 14.0;
				LD_RUNPATH_SEARCH_PATHS = (
					"$(inherited)",
					"@executable_path/Frameworks",
					"@loader_path/Frameworks",
				);
				PRODUCT_BUNDLE_IDENTIFIER = edu.psu.cse.kac6294.HeadwayTests;
				PRODUCT_NAME = "$(TARGET_NAME)";
				SWIFT_VERSION = 5.0;
				TARGETED_DEVICE_FAMILY = "1,2";
				TEST_HOST = "$(BUILT_PRODUCTS_DIR)/Headway.app/Headway";
			};
			name = Debug;
		};
		28775026255D97EB003C1C25 /* Release */ = {
			isa = XCBuildConfiguration;
			buildSettings = {
				ALWAYS_EMBED_SWIFT_STANDARD_LIBRARIES = YES;
				BUNDLE_LOADER = "$(TEST_HOST)";
				CODE_SIGN_STYLE = Automatic;
				DEVELOPMENT_TEAM = A477U5FS98;
				INFOPLIST_FILE = HeadwayTests/Info.plist;
				IPHONEOS_DEPLOYMENT_TARGET = 14.0;
				LD_RUNPATH_SEARCH_PATHS = (
					"$(inherited)",
					"@executable_path/Frameworks",
					"@loader_path/Frameworks",
				);
				PRODUCT_BUNDLE_IDENTIFIER = edu.psu.cse.kac6294.HeadwayTests;
				PRODUCT_NAME = "$(TARGET_NAME)";
				SWIFT_VERSION = 5.0;
				TARGETED_DEVICE_FAMILY = "1,2";
				TEST_HOST = "$(BUILT_PRODUCTS_DIR)/Headway.app/Headway";
			};
			name = Release;
		};
		28775028255D97EB003C1C25 /* Debug */ = {
			isa = XCBuildConfiguration;
			buildSettings = {
				ALWAYS_EMBED_SWIFT_STANDARD_LIBRARIES = YES;
				CODE_SIGN_STYLE = Automatic;
				DEVELOPMENT_TEAM = A477U5FS98;
				INFOPLIST_FILE = HeadwayUITests/Info.plist;
				LD_RUNPATH_SEARCH_PATHS = (
					"$(inherited)",
					"@executable_path/Frameworks",
					"@loader_path/Frameworks",
				);
				PRODUCT_BUNDLE_IDENTIFIER = edu.psu.cse.kac6294.HeadwayUITests;
				PRODUCT_NAME = "$(TARGET_NAME)";
				SWIFT_VERSION = 5.0;
				TARGETED_DEVICE_FAMILY = "1,2";
				TEST_TARGET_NAME = Headway;
			};
			name = Debug;
		};
		28775029255D97EB003C1C25 /* Release */ = {
			isa = XCBuildConfiguration;
			buildSettings = {
				ALWAYS_EMBED_SWIFT_STANDARD_LIBRARIES = YES;
				CODE_SIGN_STYLE = Automatic;
				DEVELOPMENT_TEAM = A477U5FS98;
				INFOPLIST_FILE = HeadwayUITests/Info.plist;
				LD_RUNPATH_SEARCH_PATHS = (
					"$(inherited)",
					"@executable_path/Frameworks",
					"@loader_path/Frameworks",
				);
				PRODUCT_BUNDLE_IDENTIFIER = edu.psu.cse.kac6294.HeadwayUITests;
				PRODUCT_NAME = "$(TARGET_NAME)";
				SWIFT_VERSION = 5.0;
				TARGETED_DEVICE_FAMILY = "1,2";
				TEST_TARGET_NAME = Headway;
			};
			name = Release;
		};
/* End XCBuildConfiguration section */

/* Begin XCConfigurationList section */
		28774FF7255D97E7003C1C25 /* Build configuration list for PBXProject "Headway" */ = {
			isa = XCConfigurationList;
			buildConfigurations = (
				2877501F255D97EB003C1C25 /* Debug */,
				28775020255D97EB003C1C25 /* Release */,
			);
			defaultConfigurationIsVisible = 0;
			defaultConfigurationName = Release;
		};
		28775021255D97EB003C1C25 /* Build configuration list for PBXNativeTarget "Headway" */ = {
			isa = XCConfigurationList;
			buildConfigurations = (
				28775022255D97EB003C1C25 /* Debug */,
				28775023255D97EB003C1C25 /* Release */,
			);
			defaultConfigurationIsVisible = 0;
			defaultConfigurationName = Release;
		};
		28775024255D97EB003C1C25 /* Build configuration list for PBXNativeTarget "HeadwayTests" */ = {
			isa = XCConfigurationList;
			buildConfigurations = (
				28775025255D97EB003C1C25 /* Debug */,
				28775026255D97EB003C1C25 /* Release */,
			);
			defaultConfigurationIsVisible = 0;
			defaultConfigurationName = Release;
		};
		28775027255D97EB003C1C25 /* Build configuration list for PBXNativeTarget "HeadwayUITests" */ = {
			isa = XCConfigurationList;
			buildConfigurations = (
				28775028255D97EB003C1C25 /* Debug */,
				28775029255D97EB003C1C25 /* Release */,
			);
			defaultConfigurationIsVisible = 0;
			defaultConfigurationName = Release;
		};
/* End XCConfigurationList section */

/* Begin XCVersionGroup section */
		28775032255D986F003C1C25 /* Headway.xcdatamodeld */ = {
			isa = XCVersionGroup;
			children = (
				28775033255D986F003C1C25 /* HeadwayDataModel.xcdatamodel */,
			);
			currentVersion = 28775033255D986F003C1C25 /* HeadwayDataModel.xcdatamodel */;
			path = Headway.xcdatamodeld;
			sourceTree = "<group>";
			versionGroupType = wrapper.xcdatamodel;
		};
/* End XCVersionGroup section */
	};
	rootObject = 28774FF4255D97E7003C1C25 /* Project object */;
}
