// !$*UTF8*$!
{
	archiveVersion = 1;
	classes = {
	};
	objectVersion = 50;
	objects = {

/* Begin PBXBuildFile section */
		28240A2A254A6C3B00A31140 /* NoteMO+CoreDataClass.swift in Sources */ = {isa = PBXBuildFile; fileRef = 28240A26254A6C3B00A31140 /* NoteMO+CoreDataClass.swift */; };
		28240A2B254A6C3B00A31140 /* NoteMO+CoreDataProperties.swift in Sources */ = {isa = PBXBuildFile; fileRef = 28240A27254A6C3B00A31140 /* NoteMO+CoreDataProperties.swift */; };
		28240A2C254A6C3B00A31140 /* BookMO+CoreDataClass.swift in Sources */ = {isa = PBXBuildFile; fileRef = 28240A28254A6C3B00A31140 /* BookMO+CoreDataClass.swift */; };
		28240A2D254A6C3B00A31140 /* BookMO+CoreDataProperties.swift in Sources */ = {isa = PBXBuildFile; fileRef = 28240A29254A6C3B00A31140 /* BookMO+CoreDataProperties.swift */; };
		28279BB7254BA67700ED32C1 /*  .swift in Sources */ = {isa = PBXBuildFile; fileRef = 28279BB6254BA67700ED32C1 /*  .swift */; };
		28435F5125485F0100930118 /* Bookle.xcdatamodeld in Sources */ = {isa = PBXBuildFile; fileRef = 28435F4F25485F0100930118 /* Bookle.xcdatamodeld */; };
		28435F57254861D700930118 /* Persistance.swift in Sources */ = {isa = PBXBuildFile; fileRef = 28435F56254861D700930118 /* Persistance.swift */; };
		28BFBA212542797900B26342 /* GridView.swift in Sources */ = {isa = PBXBuildFile; fileRef = 28BFBA202542797900B26342 /* GridView.swift */; };
		28BFBA2D25427E5900B26342 /* BookView.swift in Sources */ = {isa = PBXBuildFile; fileRef = 28BFBA2C25427E5900B26342 /* BookView.swift */; };
		28D5A032253FDF6B002AC979 /* ListRowView.swift in Sources */ = {isa = PBXBuildFile; fileRef = 28D5A031253FDF6B002AC979 /* ListRowView.swift */; };
		28D9A9EA253E800C006D723E /* BookleApp.swift in Sources */ = {isa = PBXBuildFile; fileRef = 28D9A9E9253E800C006D723E /* BookleApp.swift */; };
		28D9A9EC253E800C006D723E /* MainView.swift in Sources */ = {isa = PBXBuildFile; fileRef = 28D9A9EB253E800C006D723E /* MainView.swift */; };
		28D9A9EE253E8014006D723E /* Assets.xcassets in Resources */ = {isa = PBXBuildFile; fileRef = 28D9A9ED253E8014006D723E /* Assets.xcassets */; };
		28D9A9F1253E8014006D723E /* Preview Assets.xcassets in Resources */ = {isa = PBXBuildFile; fileRef = 28D9A9F0253E8014006D723E /* Preview Assets.xcassets */; };
		28D9A9FC253E8014006D723E /* BookleTests.swift in Sources */ = {isa = PBXBuildFile; fileRef = 28D9A9FB253E8014006D723E /* BookleTests.swift */; };
		28D9AA07253E8014006D723E /* BookleUITests.swift in Sources */ = {isa = PBXBuildFile; fileRef = 28D9AA06253E8014006D723E /* BookleUITests.swift */; };
		28D9AA18253E8061006D723E /* books.json in Resources */ = {isa = PBXBuildFile; fileRef = 28D9AA17253E8061006D723E /* books.json */; };
		28D9AA1D253E81E3006D723E /* BooksManager.swift in Sources */ = {isa = PBXBuildFile; fileRef = 28D9AA1C253E81E3006D723E /* BooksManager.swift */; };
		28D9AA2C253E84D0006D723E /* ShelfModel.swift in Sources */ = {isa = PBXBuildFile; fileRef = 28D9AA2B253E84D0006D723E /* ShelfModel.swift */; };
		28EB6A542543726300DBFEDB /* BookDetailView.swift in Sources */ = {isa = PBXBuildFile; fileRef = 28EB6A532543726300DBFEDB /* BookDetailView.swift */; };
		28EB6A59254372B300DBFEDB /* BookNotesView.swift in Sources */ = {isa = PBXBuildFile; fileRef = 28EB6A58254372B300DBFEDB /* BookNotesView.swift */; };
		28EB6A612543856500DBFEDB /* Note.swift in Sources */ = {isa = PBXBuildFile; fileRef = 28EB6A602543856500DBFEDB /* Note.swift */; };
		28EB6A6625438D8600DBFEDB /* Book.swift in Sources */ = {isa = PBXBuildFile; fileRef = 28EB6A6525438D8600DBFEDB /* Book.swift */; };
		28EB6A6F2544532000DBFEDB /* NoteView.swift in Sources */ = {isa = PBXBuildFile; fileRef = 28EB6A6E2544532000DBFEDB /* NoteView.swift */; };
		28EB6A7425447B2A00DBFEDB /* RowItem.swift in Sources */ = {isa = PBXBuildFile; fileRef = 28EB6A7325447B2A00DBFEDB /* RowItem.swift */; };
/* End PBXBuildFile section */

/* Begin PBXContainerItemProxy section */
		28D9A9F8253E8014006D723E /* PBXContainerItemProxy */ = {
			isa = PBXContainerItemProxy;
			containerPortal = 28D9A9DE253E800C006D723E /* Project object */;
			proxyType = 1;
			remoteGlobalIDString = 28D9A9E5253E800C006D723E;
			remoteInfo = Bookle;
		};
		28D9AA03253E8014006D723E /* PBXContainerItemProxy */ = {
			isa = PBXContainerItemProxy;
			containerPortal = 28D9A9DE253E800C006D723E /* Project object */;
			proxyType = 1;
			remoteGlobalIDString = 28D9A9E5253E800C006D723E;
			remoteInfo = Bookle;
		};
/* End PBXContainerItemProxy section */

/* Begin PBXFileReference section */
		28240A26254A6C3B00A31140 /* NoteMO+CoreDataClass.swift */ = {isa = PBXFileReference; lastKnownFileType = sourcecode.swift; path = "NoteMO+CoreDataClass.swift"; sourceTree = "<group>"; };
		28240A27254A6C3B00A31140 /* NoteMO+CoreDataProperties.swift */ = {isa = PBXFileReference; lastKnownFileType = sourcecode.swift; path = "NoteMO+CoreDataProperties.swift"; sourceTree = "<group>"; };
		28240A28254A6C3B00A31140 /* BookMO+CoreDataClass.swift */ = {isa = PBXFileReference; lastKnownFileType = sourcecode.swift; path = "BookMO+CoreDataClass.swift"; sourceTree = "<group>"; };
		28240A29254A6C3B00A31140 /* BookMO+CoreDataProperties.swift */ = {isa = PBXFileReference; lastKnownFileType = sourcecode.swift; path = "BookMO+CoreDataProperties.swift"; sourceTree = "<group>"; };
		28279BB6254BA67700ED32C1 /*  .swift */ = {isa = PBXFileReference; lastKnownFileType = sourcecode.swift; path = " .swift"; sourceTree = "<group>"; };
		28435F5025485F0100930118 /* Bookle.xcdatamodel */ = {isa = PBXFileReference; lastKnownFileType = wrapper.xcdatamodel; path = Bookle.xcdatamodel; sourceTree = "<group>"; };
		28435F56254861D700930118 /* Persistance.swift */ = {isa = PBXFileReference; lastKnownFileType = sourcecode.swift; path = Persistance.swift; sourceTree = "<group>"; };
		28BFBA202542797900B26342 /* GridView.swift */ = {isa = PBXFileReference; lastKnownFileType = sourcecode.swift; path = GridView.swift; sourceTree = "<group>"; };
		28BFBA2C25427E5900B26342 /* BookView.swift */ = {isa = PBXFileReference; lastKnownFileType = sourcecode.swift; path = BookView.swift; sourceTree = "<group>"; };
		28D5A031253FDF6B002AC979 /* ListRowView.swift */ = {isa = PBXFileReference; lastKnownFileType = sourcecode.swift; path = ListRowView.swift; sourceTree = "<group>"; };
		28D9A9E6253E800C006D723E /* Bookle.app */ = {isa = PBXFileReference; explicitFileType = wrapper.application; includeInIndex = 0; path = Bookle.app; sourceTree = BUILT_PRODUCTS_DIR; };
		28D9A9E9253E800C006D723E /* BookleApp.swift */ = {isa = PBXFileReference; lastKnownFileType = sourcecode.swift; path = BookleApp.swift; sourceTree = "<group>"; };
		28D9A9EB253E800C006D723E /* MainView.swift */ = {isa = PBXFileReference; lastKnownFileType = sourcecode.swift; path = MainView.swift; sourceTree = "<group>"; };
		28D9A9ED253E8014006D723E /* Assets.xcassets */ = {isa = PBXFileReference; lastKnownFileType = folder.assetcatalog; path = Assets.xcassets; sourceTree = "<group>"; };
		28D9A9F0253E8014006D723E /* Preview Assets.xcassets */ = {isa = PBXFileReference; lastKnownFileType = folder.assetcatalog; path = "Preview Assets.xcassets"; sourceTree = "<group>"; };
		28D9A9F2253E8014006D723E /* Info.plist */ = {isa = PBXFileReference; lastKnownFileType = text.plist.xml; path = Info.plist; sourceTree = "<group>"; };
		28D9A9F7253E8014006D723E /* BookleTests.xctest */ = {isa = PBXFileReference; explicitFileType = wrapper.cfbundle; includeInIndex = 0; path = BookleTests.xctest; sourceTree = BUILT_PRODUCTS_DIR; };
		28D9A9FB253E8014006D723E /* BookleTests.swift */ = {isa = PBXFileReference; lastKnownFileType = sourcecode.swift; path = BookleTests.swift; sourceTree = "<group>"; };
		28D9A9FD253E8014006D723E /* Info.plist */ = {isa = PBXFileReference; lastKnownFileType = text.plist.xml; path = Info.plist; sourceTree = "<group>"; };
		28D9AA02253E8014006D723E /* BookleUITests.xctest */ = {isa = PBXFileReference; explicitFileType = wrapper.cfbundle; includeInIndex = 0; path = BookleUITests.xctest; sourceTree = BUILT_PRODUCTS_DIR; };
		28D9AA06253E8014006D723E /* BookleUITests.swift */ = {isa = PBXFileReference; lastKnownFileType = sourcecode.swift; path = BookleUITests.swift; sourceTree = "<group>"; };
		28D9AA08253E8014006D723E /* Info.plist */ = {isa = PBXFileReference; lastKnownFileType = text.plist.xml; path = Info.plist; sourceTree = "<group>"; };
		28D9AA17253E8061006D723E /* books.json */ = {isa = PBXFileReference; fileEncoding = 4; lastKnownFileType = text.json; path = books.json; sourceTree = "<group>"; };
		28D9AA1C253E81E3006D723E /* BooksManager.swift */ = {isa = PBXFileReference; lastKnownFileType = sourcecode.swift; path = BooksManager.swift; sourceTree = "<group>"; };
		28D9AA2B253E84D0006D723E /* ShelfModel.swift */ = {isa = PBXFileReference; lastKnownFileType = sourcecode.swift; path = ShelfModel.swift; sourceTree = "<group>"; };
		28EB6A532543726300DBFEDB /* BookDetailView.swift */ = {isa = PBXFileReference; lastKnownFileType = sourcecode.swift; path = BookDetailView.swift; sourceTree = "<group>"; };
		28EB6A58254372B300DBFEDB /* BookNotesView.swift */ = {isa = PBXFileReference; lastKnownFileType = sourcecode.swift; path = BookNotesView.swift; sourceTree = "<group>"; };
		28EB6A602543856500DBFEDB /* Note.swift */ = {isa = PBXFileReference; lastKnownFileType = sourcecode.swift; path = Note.swift; sourceTree = "<group>"; };
		28EB6A6525438D8600DBFEDB /* Book.swift */ = {isa = PBXFileReference; lastKnownFileType = sourcecode.swift; path = Book.swift; sourceTree = "<group>"; };
		28EB6A6E2544532000DBFEDB /* NoteView.swift */ = {isa = PBXFileReference; lastKnownFileType = sourcecode.swift; path = NoteView.swift; sourceTree = "<group>"; };
		28EB6A7325447B2A00DBFEDB /* RowItem.swift */ = {isa = PBXFileReference; lastKnownFileType = sourcecode.swift; path = RowItem.swift; sourceTree = "<group>"; };
/* End PBXFileReference section */

/* Begin PBXFrameworksBuildPhase section */
		28D9A9E3253E800C006D723E /* Frameworks */ = {
			isa = PBXFrameworksBuildPhase;
			buildActionMask = 2147483647;
			files = (
			);
			runOnlyForDeploymentPostprocessing = 0;
		};
		28D9A9F4253E8014006D723E /* Frameworks */ = {
			isa = PBXFrameworksBuildPhase;
			buildActionMask = 2147483647;
			files = (
			);
			runOnlyForDeploymentPostprocessing = 0;
		};
		28D9A9FF253E8014006D723E /* Frameworks */ = {
			isa = PBXFrameworksBuildPhase;
			buildActionMask = 2147483647;
			files = (
			);
			runOnlyForDeploymentPostprocessing = 0;
		};
/* End PBXFrameworksBuildPhase section */

/* Begin PBXGroup section */
		28435F4E25485ED700930118 /* Core */ = {
			isa = PBXGroup;
			children = (
				28240A26254A6C3B00A31140 /* NoteMO+CoreDataClass.swift */,
				28240A27254A6C3B00A31140 /* NoteMO+CoreDataProperties.swift */,
				28240A28254A6C3B00A31140 /* BookMO+CoreDataClass.swift */,
				28240A29254A6C3B00A31140 /* BookMO+CoreDataProperties.swift */,
				28435F4F25485F0100930118 /* Bookle.xcdatamodeld */,
				28435F56254861D700930118 /* Persistance.swift */,
			);
			path = Core;
			sourceTree = "<group>";
		};
		28BFBA252542798A00B26342 /* Views */ = {
			isa = PBXGroup;
			children = (
				28EB6A522543721800DBFEDB /* BookView */,
				28EB6A51254371F700DBFEDB /* MainView */,
			);
			path = Views;
			sourceTree = "<group>";
		};
		28D9A9DD253E800C006D723E = {
			isa = PBXGroup;
			children = (
				28D9A9E8253E800C006D723E /* Bookle */,
				28D9A9FA253E8014006D723E /* BookleTests */,
				28D9AA05253E8014006D723E /* BookleUITests */,
				28D9A9E7253E800C006D723E /* Products */,
			);
			sourceTree = "<group>";
		};
		28D9A9E7253E800C006D723E /* Products */ = {
			isa = PBXGroup;
			children = (
				28D9A9E6253E800C006D723E /* Bookle.app */,
				28D9A9F7253E8014006D723E /* BookleTests.xctest */,
				28D9AA02253E8014006D723E /* BookleUITests.xctest */,
			);
			name = Products;
			sourceTree = "<group>";
		};
		28D9A9E8253E800C006D723E /* Bookle */ = {
			isa = PBXGroup;
			children = (
				28D9A9E9253E800C006D723E /* BookleApp.swift */,
				28435F4E25485ED700930118 /* Core */,
				28BFBA252542798A00B26342 /* Views */,
				28D9AA24253E84B4006D723E /* Model */,
				28D9A9ED253E8014006D723E /* Assets.xcassets */,
				28D9A9F2253E8014006D723E /* Info.plist */,
				28D9A9EF253E8014006D723E /* Preview Content */,
			);
			path = Bookle;
			sourceTree = "<group>";
		};
		28D9A9EF253E8014006D723E /* Preview Content */ = {
			isa = PBXGroup;
			children = (
				28D9A9F0253E8014006D723E /* Preview Assets.xcassets */,
			);
			path = "Preview Content";
			sourceTree = "<group>";
		};
		28D9A9FA253E8014006D723E /* BookleTests */ = {
			isa = PBXGroup;
			children = (
				28D9A9FB253E8014006D723E /* BookleTests.swift */,
				28D9A9FD253E8014006D723E /* Info.plist */,
			);
			path = BookleTests;
			sourceTree = "<group>";
		};
		28D9AA05253E8014006D723E /* BookleUITests */ = {
			isa = PBXGroup;
			children = (
				28D9AA06253E8014006D723E /* BookleUITests.swift */,
				28D9AA08253E8014006D723E /* Info.plist */,
			);
			path = BookleUITests;
			sourceTree = "<group>";
		};
		28D9AA24253E84B4006D723E /* Model */ = {
			isa = PBXGroup;
			children = (
				28EB6A6A25438E4F00DBFEDB /* Types */,
				28D9AA1C253E81E3006D723E /* BooksManager.swift */,
				28D9AA17253E8061006D723E /* books.json */,
				28D9AA2B253E84D0006D723E /* ShelfModel.swift */,
			);
			path = Model;
			sourceTree = "<group>";
		};
		28EB6A51254371F700DBFEDB /* MainView */ = {
			isa = PBXGroup;
			children = (
				28D9A9EB253E800C006D723E /* MainView.swift */,
				28BFBA202542797900B26342 /* GridView.swift */,
				28D5A031253FDF6B002AC979 /* ListRowView.swift */,
				28EB6A7325447B2A00DBFEDB /* RowItem.swift */,
			);
			path = MainView;
			sourceTree = "<group>";
		};
		28EB6A522543721800DBFEDB /* BookView */ = {
			isa = PBXGroup;
			children = (
				28BFBA2C25427E5900B26342 /* BookView.swift */,
				28EB6A532543726300DBFEDB /* BookDetailView.swift */,
				28EB6A58254372B300DBFEDB /* BookNotesView.swift */,
				28EB6A6E2544532000DBFEDB /* NoteView.swift */,
				28279BB6254BA67700ED32C1 /*  .swift */,
			);
			path = BookView;
			sourceTree = "<group>";
		};
		28EB6A6A25438E4F00DBFEDB /* Types */ = {
			isa = PBXGroup;
			children = (
				28EB6A6525438D8600DBFEDB /* Book.swift */,
				28EB6A602543856500DBFEDB /* Note.swift */,
			);
			path = Types;
			sourceTree = "<group>";
		};
/* End PBXGroup section */

/* Begin PBXNativeTarget section */
		28D9A9E5253E800C006D723E /* Bookle */ = {
			isa = PBXNativeTarget;
			buildConfigurationList = 28D9AA0B253E8014006D723E /* Build configuration list for PBXNativeTarget "Bookle" */;
			buildPhases = (
				28D9A9E2253E800C006D723E /* Sources */,
				28D9A9E3253E800C006D723E /* Frameworks */,
				28D9A9E4253E800C006D723E /* Resources */,
			);
			buildRules = (
			);
			dependencies = (
			);
			name = Bookle;
			productName = Bookle;
			productReference = 28D9A9E6253E800C006D723E /* Bookle.app */;
			productType = "com.apple.product-type.application";
		};
		28D9A9F6253E8014006D723E /* BookleTests */ = {
			isa = PBXNativeTarget;
			buildConfigurationList = 28D9AA0E253E8014006D723E /* Build configuration list for PBXNativeTarget "BookleTests" */;
			buildPhases = (
				28D9A9F3253E8014006D723E /* Sources */,
				28D9A9F4253E8014006D723E /* Frameworks */,
				28D9A9F5253E8014006D723E /* Resources */,
			);
			buildRules = (
			);
			dependencies = (
				28D9A9F9253E8014006D723E /* PBXTargetDependency */,
			);
			name = BookleTests;
			productName = BookleTests;
			productReference = 28D9A9F7253E8014006D723E /* BookleTests.xctest */;
			productType = "com.apple.product-type.bundle.unit-test";
		};
		28D9AA01253E8014006D723E /* BookleUITests */ = {
			isa = PBXNativeTarget;
			buildConfigurationList = 28D9AA11253E8014006D723E /* Build configuration list for PBXNativeTarget "BookleUITests" */;
			buildPhases = (
				28D9A9FE253E8014006D723E /* Sources */,
				28D9A9FF253E8014006D723E /* Frameworks */,
				28D9AA00253E8014006D723E /* Resources */,
			);
			buildRules = (
			);
			dependencies = (
				28D9AA04253E8014006D723E /* PBXTargetDependency */,
			);
			name = BookleUITests;
			productName = BookleUITests;
			productReference = 28D9AA02253E8014006D723E /* BookleUITests.xctest */;
			productType = "com.apple.product-type.bundle.ui-testing";
		};
/* End PBXNativeTarget section */

/* Begin PBXProject section */
		28D9A9DE253E800C006D723E /* Project object */ = {
			isa = PBXProject;
			attributes = {
				LastSwiftUpdateCheck = 1200;
				LastUpgradeCheck = 1200;
				TargetAttributes = {
					28D9A9E5253E800C006D723E = {
						CreatedOnToolsVersion = 12.0;
					};
					28D9A9F6253E8014006D723E = {
						CreatedOnToolsVersion = 12.0;
						TestTargetID = 28D9A9E5253E800C006D723E;
					};
					28D9AA01253E8014006D723E = {
						CreatedOnToolsVersion = 12.0;
						TestTargetID = 28D9A9E5253E800C006D723E;
					};
				};
			};
			buildConfigurationList = 28D9A9E1253E800C006D723E /* Build configuration list for PBXProject "Bookle" */;
			compatibilityVersion = "Xcode 9.3";
			developmentRegion = en;
			hasScannedForEncodings = 0;
			knownRegions = (
				en,
				Base,
			);
			mainGroup = 28D9A9DD253E800C006D723E;
			productRefGroup = 28D9A9E7253E800C006D723E /* Products */;
			projectDirPath = "";
			projectRoot = "";
			targets = (
				28D9A9E5253E800C006D723E /* Bookle */,
				28D9A9F6253E8014006D723E /* BookleTests */,
				28D9AA01253E8014006D723E /* BookleUITests */,
			);
		};
/* End PBXProject section */

/* Begin PBXResourcesBuildPhase section */
		28D9A9E4253E800C006D723E /* Resources */ = {
			isa = PBXResourcesBuildPhase;
			buildActionMask = 2147483647;
			files = (
				28D9AA18253E8061006D723E /* books.json in Resources */,
				28D9A9F1253E8014006D723E /* Preview Assets.xcassets in Resources */,
				28D9A9EE253E8014006D723E /* Assets.xcassets in Resources */,
			);
			runOnlyForDeploymentPostprocessing = 0;
		};
		28D9A9F5253E8014006D723E /* Resources */ = {
			isa = PBXResourcesBuildPhase;
			buildActionMask = 2147483647;
			files = (
			);
			runOnlyForDeploymentPostprocessing = 0;
		};
		28D9AA00253E8014006D723E /* Resources */ = {
			isa = PBXResourcesBuildPhase;
			buildActionMask = 2147483647;
			files = (
			);
			runOnlyForDeploymentPostprocessing = 0;
		};
/* End PBXResourcesBuildPhase section */

/* Begin PBXSourcesBuildPhase section */
		28D9A9E2253E800C006D723E /* Sources */ = {
			isa = PBXSourcesBuildPhase;
			buildActionMask = 2147483647;
			files = (
				28EB6A542543726300DBFEDB /* BookDetailView.swift in Sources */,
				28240A2D254A6C3B00A31140 /* BookMO+CoreDataProperties.swift in Sources */,
				28435F5125485F0100930118 /* Bookle.xcdatamodeld in Sources */,
				28D9AA1D253E81E3006D723E /* BooksManager.swift in Sources */,
				28EB6A6F2544532000DBFEDB /* NoteView.swift in Sources */,
				28240A2B254A6C3B00A31140 /* NoteMO+CoreDataProperties.swift in Sources */,
				28D9A9EC253E800C006D723E /* MainView.swift in Sources */,
				28EB6A6625438D8600DBFEDB /* Book.swift in Sources */,
				28EB6A7425447B2A00DBFEDB /* RowItem.swift in Sources */,
				28D5A032253FDF6B002AC979 /* ListRowView.swift in Sources */,
				28435F57254861D700930118 /* Persistance.swift in Sources */,
				28EB6A59254372B300DBFEDB /* BookNotesView.swift in Sources */,
				28EB6A612543856500DBFEDB /* Note.swift in Sources */,
				28240A2C254A6C3B00A31140 /* BookMO+CoreDataClass.swift in Sources */,
				28279BB7254BA67700ED32C1 /*  .swift in Sources */,
				28240A2A254A6C3B00A31140 /* NoteMO+CoreDataClass.swift in Sources */,
				28D9AA2C253E84D0006D723E /* ShelfModel.swift in Sources */,
				28BFBA212542797900B26342 /* GridView.swift in Sources */,
				28BFBA2D25427E5900B26342 /* BookView.swift in Sources */,
				28D9A9EA253E800C006D723E /* BookleApp.swift in Sources */,
			);
			runOnlyForDeploymentPostprocessing = 0;
		};
		28D9A9F3253E8014006D723E /* Sources */ = {
			isa = PBXSourcesBuildPhase;
			buildActionMask = 2147483647;
			files = (
				28D9A9FC253E8014006D723E /* BookleTests.swift in Sources */,
			);
			runOnlyForDeploymentPostprocessing = 0;
		};
		28D9A9FE253E8014006D723E /* Sources */ = {
			isa = PBXSourcesBuildPhase;
			buildActionMask = 2147483647;
			files = (
				28D9AA07253E8014006D723E /* BookleUITests.swift in Sources */,
			);
			runOnlyForDeploymentPostprocessing = 0;
		};
/* End PBXSourcesBuildPhase section */

/* Begin PBXTargetDependency section */
		28D9A9F9253E8014006D723E /* PBXTargetDependency */ = {
			isa = PBXTargetDependency;
			target = 28D9A9E5253E800C006D723E /* Bookle */;
			targetProxy = 28D9A9F8253E8014006D723E /* PBXContainerItemProxy */;
		};
		28D9AA04253E8014006D723E /* PBXTargetDependency */ = {
			isa = PBXTargetDependency;
			target = 28D9A9E5253E800C006D723E /* Bookle */;
			targetProxy = 28D9AA03253E8014006D723E /* PBXContainerItemProxy */;
		};
/* End PBXTargetDependency section */

/* Begin XCBuildConfiguration section */
		28D9AA09253E8014006D723E /* Debug */ = {
			isa = XCBuildConfiguration;
			buildSettings = {
				ALWAYS_SEARCH_USER_PATHS = NO;
				CLANG_ANALYZER_NONNULL = YES;
				CLANG_ANALYZER_NUMBER_OBJECT_CONVERSION = YES_AGGRESSIVE;
				CLANG_CXX_LANGUAGE_STANDARD = "gnu++14";
				CLANG_CXX_LIBRARY = "libc++";
				CLANG_ENABLE_MODULES = YES;
				CLANG_ENABLE_OBJC_ARC = YES;
				CLANG_ENABLE_OBJC_WEAK = YES;
				CLANG_WARN_BLOCK_CAPTURE_AUTORELEASING = YES;
				CLANG_WARN_BOOL_CONVERSION = YES;
				CLANG_WARN_COMMA = YES;
				CLANG_WARN_CONSTANT_CONVERSION = YES;
				CLANG_WARN_DEPRECATED_OBJC_IMPLEMENTATIONS = YES;
				CLANG_WARN_DIRECT_OBJC_ISA_USAGE = YES_ERROR;
				CLANG_WARN_DOCUMENTATION_COMMENTS = YES;
				CLANG_WARN_EMPTY_BODY = YES;
				CLANG_WARN_ENUM_CONVERSION = YES;
				CLANG_WARN_INFINITE_RECURSION = YES;
				CLANG_WARN_INT_CONVERSION = YES;
				CLANG_WARN_NON_LITERAL_NULL_CONVERSION = YES;
				CLANG_WARN_OBJC_IMPLICIT_RETAIN_SELF = YES;
				CLANG_WARN_OBJC_LITERAL_CONVERSION = YES;
				CLANG_WARN_OBJC_ROOT_CLASS = YES_ERROR;
				CLANG_WARN_QUOTED_INCLUDE_IN_FRAMEWORK_HEADER = YES;
				CLANG_WARN_RANGE_LOOP_ANALYSIS = YES;
				CLANG_WARN_STRICT_PROTOTYPES = YES;
				CLANG_WARN_SUSPICIOUS_MOVE = YES;
				CLANG_WARN_UNGUARDED_AVAILABILITY = YES_AGGRESSIVE;
				CLANG_WARN_UNREACHABLE_CODE = YES;
				CLANG_WARN__DUPLICATE_METHOD_MATCH = YES;
				COPY_PHASE_STRIP = NO;
				DEBUG_INFORMATION_FORMAT = dwarf;
				ENABLE_STRICT_OBJC_MSGSEND = YES;
				ENABLE_TESTABILITY = YES;
				GCC_C_LANGUAGE_STANDARD = gnu11;
				GCC_DYNAMIC_NO_PIC = NO;
				GCC_NO_COMMON_BLOCKS = YES;
				GCC_OPTIMIZATION_LEVEL = 0;
				GCC_PREPROCESSOR_DEFINITIONS = (
					"DEBUG=1",
					"$(inherited)",
				);
				GCC_WARN_64_TO_32_BIT_CONVERSION = YES;
				GCC_WARN_ABOUT_RETURN_TYPE = YES_ERROR;
				GCC_WARN_UNDECLARED_SELECTOR = YES;
				GCC_WARN_UNINITIALIZED_AUTOS = YES_AGGRESSIVE;
				GCC_WARN_UNUSED_FUNCTION = YES;
				GCC_WARN_UNUSED_VARIABLE = YES;
				IPHONEOS_DEPLOYMENT_TARGET = 14.0;
				MTL_ENABLE_DEBUG_INFO = INCLUDE_SOURCE;
				MTL_FAST_MATH = YES;
				ONLY_ACTIVE_ARCH = YES;
				SDKROOT = iphoneos;
				SWIFT_ACTIVE_COMPILATION_CONDITIONS = DEBUG;
				SWIFT_OPTIMIZATION_LEVEL = "-Onone";
			};
			name = Debug;
		};
		28D9AA0A253E8014006D723E /* Release */ = {
			isa = XCBuildConfiguration;
			buildSettings = {
				ALWAYS_SEARCH_USER_PATHS = NO;
				CLANG_ANALYZER_NONNULL = YES;
				CLANG_ANALYZER_NUMBER_OBJECT_CONVERSION = YES_AGGRESSIVE;
				CLANG_CXX_LANGUAGE_STANDARD = "gnu++14";
				CLANG_CXX_LIBRARY = "libc++";
				CLANG_ENABLE_MODULES = YES;
				CLANG_ENABLE_OBJC_ARC = YES;
				CLANG_ENABLE_OBJC_WEAK = YES;
				CLANG_WARN_BLOCK_CAPTURE_AUTORELEASING = YES;
				CLANG_WARN_BOOL_CONVERSION = YES;
				CLANG_WARN_COMMA = YES;
				CLANG_WARN_CONSTANT_CONVERSION = YES;
				CLANG_WARN_DEPRECATED_OBJC_IMPLEMENTATIONS = YES;
				CLANG_WARN_DIRECT_OBJC_ISA_USAGE = YES_ERROR;
				CLANG_WARN_DOCUMENTATION_COMMENTS = YES;
				CLANG_WARN_EMPTY_BODY = YES;
				CLANG_WARN_ENUM_CONVERSION = YES;
				CLANG_WARN_INFINITE_RECURSION = YES;
				CLANG_WARN_INT_CONVERSION = YES;
				CLANG_WARN_NON_LITERAL_NULL_CONVERSION = YES;
				CLANG_WARN_OBJC_IMPLICIT_RETAIN_SELF = YES;
				CLANG_WARN_OBJC_LITERAL_CONVERSION = YES;
				CLANG_WARN_OBJC_ROOT_CLASS = YES_ERROR;
				CLANG_WARN_QUOTED_INCLUDE_IN_FRAMEWORK_HEADER = YES;
				CLANG_WARN_RANGE_LOOP_ANALYSIS = YES;
				CLANG_WARN_STRICT_PROTOTYPES = YES;
				CLANG_WARN_SUSPICIOUS_MOVE = YES;
				CLANG_WARN_UNGUARDED_AVAILABILITY = YES_AGGRESSIVE;
				CLANG_WARN_UNREACHABLE_CODE = YES;
				CLANG_WARN__DUPLICATE_METHOD_MATCH = YES;
				COPY_PHASE_STRIP = NO;
				DEBUG_INFORMATION_FORMAT = "dwarf-with-dsym";
				ENABLE_NS_ASSERTIONS = NO;
				ENABLE_STRICT_OBJC_MSGSEND = YES;
				GCC_C_LANGUAGE_STANDARD = gnu11;
				GCC_NO_COMMON_BLOCKS = YES;
				GCC_WARN_64_TO_32_BIT_CONVERSION = YES;
				GCC_WARN_ABOUT_RETURN_TYPE = YES_ERROR;
				GCC_WARN_UNDECLARED_SELECTOR = YES;
				GCC_WARN_UNINITIALIZED_AUTOS = YES_AGGRESSIVE;
				GCC_WARN_UNUSED_FUNCTION = YES;
				GCC_WARN_UNUSED_VARIABLE = YES;
				IPHONEOS_DEPLOYMENT_TARGET = 14.0;
				MTL_ENABLE_DEBUG_INFO = NO;
				MTL_FAST_MATH = YES;
				SDKROOT = iphoneos;
				SWIFT_COMPILATION_MODE = wholemodule;
				SWIFT_OPTIMIZATION_LEVEL = "-O";
				VALIDATE_PRODUCT = YES;
			};
			name = Release;
		};
		28D9AA0C253E8014006D723E /* Debug */ = {
			isa = XCBuildConfiguration;
			buildSettings = {
				ASSETCATALOG_COMPILER_APPICON_NAME = AppIcon;
				ASSETCATALOG_COMPILER_GLOBAL_ACCENT_COLOR_NAME = AccentColor;
				CODE_SIGN_STYLE = Automatic;
				DEVELOPMENT_ASSET_PATHS = "\"Bookle/Preview Content\"";
				DEVELOPMENT_TEAM = A477U5FS98;
				ENABLE_PREVIEWS = YES;
				INFOPLIST_FILE = Bookle/Info.plist;
				IPHONEOS_DEPLOYMENT_TARGET = 14.0;
				LD_RUNPATH_SEARCH_PATHS = (
					"$(inherited)",
					"@executable_path/Frameworks",
				);
				PRODUCT_BUNDLE_IDENTIFIER = edu.psu.cse.kac6294.Bookle;
				PRODUCT_NAME = "$(TARGET_NAME)";
				SWIFT_VERSION = 5.0;
				TARGETED_DEVICE_FAMILY = "1,2";
			};
			name = Debug;
		};
		28D9AA0D253E8014006D723E /* Release */ = {
			isa = XCBuildConfiguration;
			buildSettings = {
				ASSETCATALOG_COMPILER_APPICON_NAME = AppIcon;
				ASSETCATALOG_COMPILER_GLOBAL_ACCENT_COLOR_NAME = AccentColor;
				CODE_SIGN_STYLE = Automatic;
				DEVELOPMENT_ASSET_PATHS = "\"Bookle/Preview Content\"";
				DEVELOPMENT_TEAM = A477U5FS98;
				ENABLE_PREVIEWS = YES;
				INFOPLIST_FILE = Bookle/Info.plist;
				IPHONEOS_DEPLOYMENT_TARGET = 14.0;
				LD_RUNPATH_SEARCH_PATHS = (
					"$(inherited)",
					"@executable_path/Frameworks",
				);
				PRODUCT_BUNDLE_IDENTIFIER = edu.psu.cse.kac6294.Bookle;
				PRODUCT_NAME = "$(TARGET_NAME)";
				SWIFT_VERSION = 5.0;
				TARGETED_DEVICE_FAMILY = "1,2";
			};
			name = Release;
		};
		28D9AA0F253E8014006D723E /* Debug */ = {
			isa = XCBuildConfiguration;
			buildSettings = {
				ALWAYS_EMBED_SWIFT_STANDARD_LIBRARIES = YES;
				BUNDLE_LOADER = "$(TEST_HOST)";
				CODE_SIGN_STYLE = Automatic;
				DEVELOPMENT_TEAM = A477U5FS98;
				INFOPLIST_FILE = BookleTests/Info.plist;
				IPHONEOS_DEPLOYMENT_TARGET = 14.0;
				LD_RUNPATH_SEARCH_PATHS = (
					"$(inherited)",
					"@executable_path/Frameworks",
					"@loader_path/Frameworks",
				);
				PRODUCT_BUNDLE_IDENTIFIER = edu.psu.cse.kac6294.BookleTests;
				PRODUCT_NAME = "$(TARGET_NAME)";
				SWIFT_VERSION = 5.0;
				TARGETED_DEVICE_FAMILY = "1,2";
				TEST_HOST = "$(BUILT_PRODUCTS_DIR)/Bookle.app/Bookle";
			};
			name = Debug;
		};
		28D9AA10253E8014006D723E /* Release */ = {
			isa = XCBuildConfiguration;
			buildSettings = {
				ALWAYS_EMBED_SWIFT_STANDARD_LIBRARIES = YES;
				BUNDLE_LOADER = "$(TEST_HOST)";
				CODE_SIGN_STYLE = Automatic;
				DEVELOPMENT_TEAM = A477U5FS98;
				INFOPLIST_FILE = BookleTests/Info.plist;
				IPHONEOS_DEPLOYMENT_TARGET = 14.0;
				LD_RUNPATH_SEARCH_PATHS = (
					"$(inherited)",
					"@executable_path/Frameworks",
					"@loader_path/Frameworks",
				);
				PRODUCT_BUNDLE_IDENTIFIER = edu.psu.cse.kac6294.BookleTests;
				PRODUCT_NAME = "$(TARGET_NAME)";
				SWIFT_VERSION = 5.0;
				TARGETED_DEVICE_FAMILY = "1,2";
				TEST_HOST = "$(BUILT_PRODUCTS_DIR)/Bookle.app/Bookle";
			};
			name = Release;
		};
		28D9AA12253E8014006D723E /* Debug */ = {
			isa = XCBuildConfiguration;
			buildSettings = {
				ALWAYS_EMBED_SWIFT_STANDARD_LIBRARIES = YES;
				CODE_SIGN_STYLE = Automatic;
				DEVELOPMENT_TEAM = A477U5FS98;
				INFOPLIST_FILE = BookleUITests/Info.plist;
				LD_RUNPATH_SEARCH_PATHS = (
					"$(inherited)",
					"@executable_path/Frameworks",
					"@loader_path/Frameworks",
				);
				PRODUCT_BUNDLE_IDENTIFIER = edu.psu.cse.kac6294.BookleUITests;
				PRODUCT_NAME = "$(TARGET_NAME)";
				SWIFT_VERSION = 5.0;
				TARGETED_DEVICE_FAMILY = "1,2";
				TEST_TARGET_NAME = Bookle;
			};
			name = Debug;
		};
		28D9AA13253E8014006D723E /* Release */ = {
			isa = XCBuildConfiguration;
			buildSettings = {
				ALWAYS_EMBED_SWIFT_STANDARD_LIBRARIES = YES;
				CODE_SIGN_STYLE = Automatic;
				DEVELOPMENT_TEAM = A477U5FS98;
				INFOPLIST_FILE = BookleUITests/Info.plist;
				LD_RUNPATH_SEARCH_PATHS = (
					"$(inherited)",
					"@executable_path/Frameworks",
					"@loader_path/Frameworks",
				);
				PRODUCT_BUNDLE_IDENTIFIER = edu.psu.cse.kac6294.BookleUITests;
				PRODUCT_NAME = "$(TARGET_NAME)";
				SWIFT_VERSION = 5.0;
				TARGETED_DEVICE_FAMILY = "1,2";
				TEST_TARGET_NAME = Bookle;
			};
			name = Release;
		};
/* End XCBuildConfiguration section */

/* Begin XCConfigurationList section */
		28D9A9E1253E800C006D723E /* Build configuration list for PBXProject "Bookle" */ = {
			isa = XCConfigurationList;
			buildConfigurations = (
				28D9AA09253E8014006D723E /* Debug */,
				28D9AA0A253E8014006D723E /* Release */,
			);
			defaultConfigurationIsVisible = 0;
			defaultConfigurationName = Release;
		};
		28D9AA0B253E8014006D723E /* Build configuration list for PBXNativeTarget "Bookle" */ = {
			isa = XCConfigurationList;
			buildConfigurations = (
				28D9AA0C253E8014006D723E /* Debug */,
				28D9AA0D253E8014006D723E /* Release */,
			);
			defaultConfigurationIsVisible = 0;
			defaultConfigurationName = Release;
		};
		28D9AA0E253E8014006D723E /* Build configuration list for PBXNativeTarget "BookleTests" */ = {
			isa = XCConfigurationList;
			buildConfigurations = (
				28D9AA0F253E8014006D723E /* Debug */,
				28D9AA10253E8014006D723E /* Release */,
			);
			defaultConfigurationIsVisible = 0;
			defaultConfigurationName = Release;
		};
		28D9AA11253E8014006D723E /* Build configuration list for PBXNativeTarget "BookleUITests" */ = {
			isa = XCConfigurationList;
			buildConfigurations = (
				28D9AA12253E8014006D723E /* Debug */,
				28D9AA13253E8014006D723E /* Release */,
			);
			defaultConfigurationIsVisible = 0;
			defaultConfigurationName = Release;
		};
/* End XCConfigurationList section */

/* Begin XCVersionGroup section */
		28435F4F25485F0100930118 /* Bookle.xcdatamodeld */ = {
			isa = XCVersionGroup;
			children = (
				28435F5025485F0100930118 /* Bookle.xcdatamodel */,
			);
			currentVersion = 28435F5025485F0100930118 /* Bookle.xcdatamodel */;
			path = Bookle.xcdatamodeld;
			sourceTree = "<group>";
			versionGroupType = wrapper.xcdatamodel;
		};
/* End XCVersionGroup section */
	};
	rootObject = 28D9A9DE253E800C006D723E /* Project object */;
}
